{
  "sources": {
    "minitest-handler": {
      "locked_version": "0.1.7"
    },
    "apt": {
      "locked_version": "2.1.1"
    },
    "vim": {
      "locked_version": "1.0.2"
    },
    "git": {
      "locked_version": "4.0.2"
    },
    "magic_shell": {
      "locked_version": "0.3.2"
    },
    "python": {
      "locked_version": "1.4.0"
    },
    "rbenv": {
      "locked_version": "1.6.5"
    },
    "nodejs": {
      "locked_version": "1.3.0"
    },
    "npm": {
      "locked_version": "0.1.2"
    },
    "java": {
      "locked_version": "1.27.0"
    },
    "maven": {
      "locked_version": "1.1.0"
    },
    "ark": {
      "locked_version": "0.8.2"
    },
    "php": {
      "locked_version": "1.4.6"
    },
    "mysql": {
      "locked_version": "5.3.6"
    },
    "mongodb": {
      "locked_version": "0.16.1"
    },
    "postgresql": {
      "locked_version": "3.4.1"
    },
    "ssh_known_hosts": {
      "locked_version": "1.3.2"
    },
    "chef_handler": {
      "locked_version": "1.1.6"
    },
    "dmg": {
      "locked_version": "2.2.2"
    },
    "build-essential": {
      "locked_version": "2.1.3"
    },
    "windows": {
      "locked_version": "1.36.1"
    },
    "runit": {
      "locked_version": "1.5.12"
    },
    "yum": {
      "locked_version": "3.5.2"
    },
    "yum-epel": {
      "locked_version": "0.5.3"
    },
    "ohai": {
      "locked_version": "2.0.1"
    },
    "xml": {
      "locked_version": "1.2.9"
    },
    "chef-sugar": {
      "locked_version": "2.4.1"
    },
    "iis": {
      "locked_version": "2.1.6"
    },
    "yum-mysql-community": {
      "locked_version": "0.1.11"
    },
    "openssl": {
      "locked_version": "2.0.0"
    },
    "partial_search": {
      "locked_version": "1.0.8"
    }
  }
}
