{
  "sha": "340fb2f2b33d7959b2e207c30c1a9ed687193527",
  "sources": {
    "minitest-handler": {
      "locked_version": "0.1.7",
      "constraint": "= 0.1.7"
    },
    "apt": {
      "locked_version": "2.1.1",
      "constraint": "= 2.1.1"
    },
    "vim": {
      "locked_version": "1.0.2",
      "constraint": "= 1.0.2"
    },
    "chef_handler": {
      "locked_version": "1.1.4"
    }
  }
}
